
Microsoft Visual Studio Solution File, Format Version 12.00
# Visual Studio 15
VisualStudioVersion = 15.0.28307.421
MinimumVisualStudioVersion = 10.0.40219.1
Project("{FAE04EC0-301F-11D3-BF4B-00C04F79EFBC}") = "PdfTools", "PdfTools\PdfTools.csproj", "{DDEED33A-B48D-4B67-97A0-48F99593F6C1}"
EndProject
Project("{FAE04EC0-301F-11D3-BF4B-00C04F79EFBC}") = "PdfToolset", "PdfToolset\PdfToolset.csproj", "{59F68E3C-78E8-4A8D-8627-60B5666AD46D}"
EndProject
Global
	GlobalSection(SolutionConfigurationPlatforms) = preSolution
		Debug|Any CPU = Debug|Any CPU
		Release|Any CPU = Release|Any CPU
	EndGlobalSection
	GlobalSection(ProjectConfigurationPlatforms) = postSolution
		{DDEED33A-B48D-4B67-97A0-48F99593F6C1}.Debug|Any CPU.ActiveCfg = Debug|Any CPU
		{DDEED33A-B48D-4B67-97A0-48F99593F6C1}.Debug|Any CPU.Build.0 = Debug|Any CPU
		{DDEED33A-B48D-4B67-97A0-48F99593F6C1}.Release|Any CPU.ActiveCfg = Release|Any CPU
		{DDEED33A-B48D-4B67-97A0-48F99593F6C1}.Release|Any CPU.Build.0 = Release|Any CPU
		{59F68E3C-78E8-4A8D-8627-60B5666AD46D}.Debug|Any CPU.ActiveCfg = Debug|Any CPU
		{59F68E3C-78E8-4A8D-8627-60B5666AD46D}.Debug|Any CPU.Build.0 = Debug|Any CPU
		{59F68E3C-78E8-4A8D-8627-60B5666AD46D}.Release|Any CPU.ActiveCfg = Release|Any CPU
		{59F68E3C-78E8-4A8D-8627-60B5666AD46D}.Release|Any CPU.Build.0 = Release|Any CPU
	EndGlobalSection
	GlobalSection(SolutionProperties) = preSolution
		HideSolutionNode = FALSE
	EndGlobalSection
	GlobalSection(ExtensibilityGlobals) = postSolution
		SolutionGuid = {84BDFB3E-71D0-487B-94DC-FFF1B6CADFF3}
	EndGlobalSection
EndGlobal
